
Microsoft Visual Studio Solution File, Format Version 12.00
# Visual Studio 14
VisualStudioVersion = 14.0.25420.1
MinimumVisualStudioVersion = 10.0.40219.1
Project("{8BC9CEB8-8B4A-11D0-8D11-00A0C91BC942}") = "자료구조실습", "자료구조실습\자료구조실습.vcxproj", "{EC5A04AB-32AF-4E30-9248-8114B577ECA2}"
EndProject
Project("{8BC9CEB8-8B4A-11D0-8D11-00A0C91BC942}") = "queue", "queue\queue.vcxproj", "{3C529138-DF02-4B59-AF71-2DDBE02A0B53}"
EndProject
Project("{8BC9CEB8-8B4A-11D0-8D11-00A0C91BC942}") = "list", "list\list.vcxproj", "{657FE8CF-A82E-4DEA-8CC2-03FEE97EB6D5}"
EndProject
Project("{8BC9CEB8-8B4A-11D0-8D11-00A0C91BC942}") = "deque", "deque\deque.vcxproj", "{FCDE164A-F26C-4542-A196-B9B382594849}"
EndProject
Project("{8BC9CEB8-8B4A-11D0-8D11-00A0C91BC942}") = "binaryTree", "binaryTree\binaryTree.vcxproj", "{124F7B74-C98C-4C32-B6D5-262C776A3F67}"
EndProject
Project("{8BC9CEB8-8B4A-11D0-8D11-00A0C91BC942}") = "graph", "graph\graph.vcxproj", "{661D230A-BF63-474E-B801-CD57CF1BAB66}"
EndProject
Global
	GlobalSection(SolutionConfigurationPlatforms) = preSolution
		Debug|x64 = Debug|x64
		Debug|x86 = Debug|x86
		Release|x64 = Release|x64
		Release|x86 = Release|x86
	EndGlobalSection
	GlobalSection(ProjectConfigurationPlatforms) = postSolution
		{EC5A04AB-32AF-4E30-9248-8114B577ECA2}.Debug|x64.ActiveCfg = Debug|x64
		{EC5A04AB-32AF-4E30-9248-8114B577ECA2}.Debug|x64.Build.0 = Debug|x64
		{EC5A04AB-32AF-4E30-9248-8114B577ECA2}.Debug|x86.ActiveCfg = Debug|Win32
		{EC5A04AB-32AF-4E30-9248-8114B577ECA2}.Debug|x86.Build.0 = Debug|Win32
		{EC5A04AB-32AF-4E30-9248-8114B577ECA2}.Release|x64.ActiveCfg = Release|x64
		{EC5A04AB-32AF-4E30-9248-8114B577ECA2}.Release|x64.Build.0 = Release|x64
		{EC5A04AB-32AF-4E30-9248-8114B577ECA2}.Release|x86.ActiveCfg = Release|Win32
		{EC5A04AB-32AF-4E30-9248-8114B577ECA2}.Release|x86.Build.0 = Release|Win32
		{3C529138-DF02-4B59-AF71-2DDBE02A0B53}.Debug|x64.ActiveCfg = Debug|x64
		{3C529138-DF02-4B59-AF71-2DDBE02A0B53}.Debug|x64.Build.0 = Debug|x64
		{3C529138-DF02-4B59-AF71-2DDBE02A0B53}.Debug|x86.ActiveCfg = Debug|Win32
		{3C529138-DF02-4B59-AF71-2DDBE02A0B53}.Debug|x86.Build.0 = Debug|Win32
		{3C529138-DF02-4B59-AF71-2DDBE02A0B53}.Release|x64.ActiveCfg = Release|x64
		{3C529138-DF02-4B59-AF71-2DDBE02A0B53}.Release|x64.Build.0 = Release|x64
		{3C529138-DF02-4B59-AF71-2DDBE02A0B53}.Release|x86.ActiveCfg = Release|Win32
		{3C529138-DF02-4B59-AF71-2DDBE02A0B53}.Release|x86.Build.0 = Release|Win32
		{657FE8CF-A82E-4DEA-8CC2-03FEE97EB6D5}.Debug|x64.ActiveCfg = Debug|x64
		{657FE8CF-A82E-4DEA-8CC2-03FEE97EB6D5}.Debug|x64.Build.0 = Debug|x64
		{657FE8CF-A82E-4DEA-8CC2-03FEE97EB6D5}.Debug|x86.ActiveCfg = Debug|Win32
		{657FE8CF-A82E-4DEA-8CC2-03FEE97EB6D5}.Debug|x86.Build.0 = Debug|Win32
		{657FE8CF-A82E-4DEA-8CC2-03FEE97EB6D5}.Release|x64.ActiveCfg = Release|x64
		{657FE8CF-A82E-4DEA-8CC2-03FEE97EB6D5}.Release|x64.Build.0 = Release|x64
		{657FE8CF-A82E-4DEA-8CC2-03FEE97EB6D5}.Release|x86.ActiveCfg = Release|Win32
		{657FE8CF-A82E-4DEA-8CC2-03FEE97EB6D5}.Release|x86.Build.0 = Release|Win32
		{FCDE164A-F26C-4542-A196-B9B382594849}.Debug|x64.ActiveCfg = Debug|x64
		{FCDE164A-F26C-4542-A196-B9B382594849}.Debug|x64.Build.0 = Debug|x64
		{FCDE164A-F26C-4542-A196-B9B382594849}.Debug|x86.ActiveCfg = Debug|Win32
		{FCDE164A-F26C-4542-A196-B9B382594849}.Debug|x86.Build.0 = Debug|Win32
		{FCDE164A-F26C-4542-A196-B9B382594849}.Release|x64.ActiveCfg = Release|x64
		{FCDE164A-F26C-4542-A196-B9B382594849}.Release|x64.Build.0 = Release|x64
		{FCDE164A-F26C-4542-A196-B9B382594849}.Release|x86.ActiveCfg = Release|Win32
		{FCDE164A-F26C-4542-A196-B9B382594849}.Release|x86.Build.0 = Release|Win32
		{124F7B74-C98C-4C32-B6D5-262C776A3F67}.Debug|x64.ActiveCfg = Debug|x64
		{124F7B74-C98C-4C32-B6D5-262C776A3F67}.Debug|x64.Build.0 = Debug|x64
		{124F7B74-C98C-4C32-B6D5-262C776A3F67}.Debug|x86.ActiveCfg = Debug|Win32
		{124F7B74-C98C-4C32-B6D5-262C776A3F67}.Debug|x86.Build.0 = Debug|Win32
		{124F7B74-C98C-4C32-B6D5-262C776A3F67}.Release|x64.ActiveCfg = Release|x64
		{124F7B74-C98C-4C32-B6D5-262C776A3F67}.Release|x64.Build.0 = Release|x64
		{124F7B74-C98C-4C32-B6D5-262C776A3F67}.Release|x86.ActiveCfg = Release|Win32
		{124F7B74-C98C-4C32-B6D5-262C776A3F67}.Release|x86.Build.0 = Release|Win32
		{661D230A-BF63-474E-B801-CD57CF1BAB66}.Debug|x64.ActiveCfg = Debug|x64
		{661D230A-BF63-474E-B801-CD57CF1BAB66}.Debug|x64.Build.0 = Debug|x64
		{661D230A-BF63-474E-B801-CD57CF1BAB66}.Debug|x86.ActiveCfg = Debug|Win32
		{661D230A-BF63-474E-B801-CD57CF1BAB66}.Debug|x86.Build.0 = Debug|Win32
		{661D230A-BF63-474E-B801-CD57CF1BAB66}.Release|x64.ActiveCfg = Release|x64
		{661D230A-BF63-474E-B801-CD57CF1BAB66}.Release|x64.Build.0 = Release|x64
		{661D230A-BF63-474E-B801-CD57CF1BAB66}.Release|x86.ActiveCfg = Release|Win32
		{661D230A-BF63-474E-B801-CD57CF1BAB66}.Release|x86.Build.0 = Release|Win32
	EndGlobalSection
	GlobalSection(SolutionProperties) = preSolution
		HideSolutionNode = FALSE
	EndGlobalSection
EndGlobal
